schema: '2.0'
stages:
  annotate:
    cmd: python annotate.py
    deps:
    - path: annotate.py
      hash: md5
      md5: 2f54829ac4860c1db2a25b55f6e13646
      size: 669
    - path: data/test_alleles.csv
      hash: md5
      md5: 27eec5653988a3bd34658240dc449dbd
      size: 53
    outs:
    - path: data/annotated.csv
      hash: md5
      md5: 5ad5c1efe3217850b3b12a8a2cb7ca16
      size: 77
