schema: '2.0'
stages:
  annotate:
    cmd: python annotate.py
    deps:
    - path: annotate.py
      hash: md5
      md5: d5ca8d8ba280423ec183d1b2b34e7576
      size: 731
    - path: data/test_alleles.csv
      hash: md5
      md5: 27eec5653988a3bd34658240dc449dbd
      size: 53
    outs:
    - path: data/annotated.csv
      hash: md5
      md5: 5ad5c1efe3217850b3b12a8a2cb7ca16
      size: 77
  annotate_v2:
    cmd: python annotate.py data/test_alleles_v2.csv data/annotated_v2.csv
    deps:
    - path: annotate.py
      hash: md5
      md5: d5ca8d8ba280423ec183d1b2b34e7576
      size: 731
    - path: data/test_alleles_v2.csv
      hash: md5
      md5: 792dd259042f46327184be2034b8b13d
      size: 53
    outs:
    - path: data/annotated_v2.csv
      hash: md5
      md5: 9ca3709d0a0dc1fec3d2a2a3e0f9aebb
      size: 82
